
Microsoft Visual Studio Solution File, Format Version 12.00
# Visual Studio Version 16
VisualStudioVersion = 16.0.31613.86
MinimumVisualStudioVersion = 10.0.40219.1
Project("{FAE04EC0-301F-11D3-BF4B-00C04F79EFBC}") = "Exercise2", "Exercise2\Exercise2.csproj", "{04B734BE-32BE-48BA-B034-330F6376D56B}"
EndProject
Global
	GlobalSection(SolutionConfigurationPlatforms) = preSolution
		Debug|Any CPU = Debug|Any CPU
		Release|Any CPU = Release|Any CPU
	EndGlobalSection
	GlobalSection(ProjectConfigurationPlatforms) = postSolution
		{04B734BE-32BE-48BA-B034-330F6376D56B}.Debug|Any CPU.ActiveCfg = Debug|Any CPU
		{04B734BE-32BE-48BA-B034-330F6376D56B}.Debug|Any CPU.Build.0 = Debug|Any CPU
		{04B734BE-32BE-48BA-B034-330F6376D56B}.Release|Any CPU.ActiveCfg = Release|Any CPU
		{04B734BE-32BE-48BA-B034-330F6376D56B}.Release|Any CPU.Build.0 = Release|Any CPU
	EndGlobalSection
	GlobalSection(SolutionProperties) = preSolution
		HideSolutionNode = FALSE
	EndGlobalSection
	GlobalSection(ExtensibilityGlobals) = postSolution
		SolutionGuid = {B4D2A166-BF24-4B44-ACEE-9AA61C8AB75F}
	EndGlobalSection
EndGlobal
